
Microsoft Visual Studio Solution File, Format Version 12.00
# Visual Studio Version 17
VisualStudioVersion = 17.0.32014.148
MinimumVisualStudioVersion = 10.0.40219.1
Project("{FAE04EC0-301F-11D3-BF4B-00C04F79EFBC}") = "StopWatch", "StopWatch.csproj", "{47F20C3C-1EA9-42ED-892F-2997194F6BF8}"
EndProject
Global
	GlobalSection(SolutionConfigurationPlatforms) = preSolution
		Debug|Any CPU = Debug|Any CPU
		Release|Any CPU = Release|Any CPU
	EndGlobalSection
	GlobalSection(ProjectConfigurationPlatforms) = postSolution
		{47F20C3C-1EA9-42ED-892F-2997194F6BF8}.Debug|Any CPU.ActiveCfg = Debug|Any CPU
		{47F20C3C-1EA9-42ED-892F-2997194F6BF8}.Debug|Any CPU.Build.0 = Debug|Any CPU
		{47F20C3C-1EA9-42ED-892F-2997194F6BF8}.Release|Any CPU.ActiveCfg = Release|Any CPU
		{47F20C3C-1EA9-42ED-892F-2997194F6BF8}.Release|Any CPU.Build.0 = Release|Any CPU
	EndGlobalSection
	GlobalSection(SolutionProperties) = preSolution
		HideSolutionNode = FALSE
	EndGlobalSection
	GlobalSection(ExtensibilityGlobals) = postSolution
		SolutionGuid = {F7B76B21-7686-47C6-A134-4841FD0B65B8}
	EndGlobalSection
EndGlobal
